// !$*UTF8*$!
{
	archiveVersion = 1;
	classes = {
	};
	objectVersion = 46;
	objects = {

/* Begin PBXBuildFile section */
		95CE25E71DF9CC9E0084DBBB /* AppDelegate.swift in Sources */ = {isa = PBXBuildFile; fileRef = 95CE25E61DF9CC9E0084DBBB /* AppDelegate.swift */; };
		95CE25EC1DF9CC9E0084DBBB /* Main.storyboard in Resources */ = {isa = PBXBuildFile; fileRef = 95CE25EA1DF9CC9E0084DBBB /* Main.storyboard */; };
		95CE25EE1DF9CC9E0084DBBB /* Assets.xcassets in Resources */ = {isa = PBXBuildFile; fileRef = 95CE25ED1DF9CC9E0084DBBB /* Assets.xcassets */; };
		95CE25F11DF9CC9E0084DBBB /* LaunchScreen.storyboard in Resources */ = {isa = PBXBuildFile; fileRef = 95CE25EF1DF9CC9E0084DBBB /* LaunchScreen.storyboard */; };
		95D70D1E1DF9CE0D006E2A1C /* TableViewController.swift in Sources */ = {isa = PBXBuildFile; fileRef = 95D70D1D1DF9CE0D006E2A1C /* TableViewController.swift */; };
/* End PBXBuildFile section */

/* Begin PBXFileReference section */
		95CE25E31DF9CC9E0084DBBB /* TableviewWithSections.app */ = {isa = PBXFileReference; explicitFileType = wrapper.application; includeInIndex = 0; path = TableviewWithSections.app; sourceTree = BUILT_PRODUCTS_DIR; };
		95CE25E61DF9CC9E0084DBBB /* AppDelegate.swift */ = {isa = PBXFileReference; lastKnownFileType = sourcecode.swift; path = AppDelegate.swift; sourceTree = "<group>"; };
		95CE25EB1DF9CC9E0084DBBB /* Base */ = {isa = PBXFileReference; lastKnownFileType = file.storyboard; name = Base; path = Base.lproj/Main.storyboard; sourceTree = "<group>"; };
		95CE25ED1DF9CC9E0084DBBB /* Assets.xcassets */ = {isa = PBXFileReference; lastKnownFileType = folder.assetcatalog; path = Assets.xcassets; sourceTree = "<group>"; };
		95CE25F01DF9CC9E0084DBBB /* Base */ = {isa = PBXFileReference; lastKnownFileType = file.storyboard; name = Base; path = Base.lproj/LaunchScreen.storyboard; sourceTree = "<group>"; };
		95CE25F21DF9CC9E0084DBBB /* Info.plist */ = {isa = PBXFileReference; lastKnownFileType = text.plist.xml; path = Info.plist; sourceTree = "<group>"; };
		95D70D1D1DF9CE0D006E2A1C /* TableViewController.swift */ = {isa = PBXFileReference; fileEncoding = 4; lastKnownFileType = sourcecode.swift; path = TableViewController.swift; sourceTree = "<group>"; };
/* End PBXFileReference section */

/* Begin PBXFrameworksBuildPhase section */
		95CE25E01DF9CC9E0084DBBB /* Frameworks */ = {
			isa = PBXFrameworksBuildPhase;
			buildActionMask = 2147483647;
			files = (
			);
			runOnlyForDeploymentPostprocessing = 0;
		};
/* End PBXFrameworksBuildPhase section */

/* Begin PBXGroup section */
		95CE25DA1DF9CC9E0084DBBB = {
			isa = PBXGroup;
			children = (
				95CE25E51DF9CC9E0084DBBB /* TableviewWithSections */,
				95CE25E41DF9CC9E0084DBBB /* Products */,
			);
			sourceTree = "<group>";
		};
		95CE25E41DF9CC9E0084DBBB /* Products */ = {
			isa = PBXGroup;
			children = (
				95CE25E31DF9CC9E0084DBBB /* TableviewWithSections.app */,
			);
			name = Products;
			sourceTree = "<group>";
		};
		95CE25E51DF9CC9E0084DBBB /* TableviewWithSections */ = {
			isa = PBXGroup;
			children = (
				95CE25E61DF9CC9E0084DBBB /* AppDelegate.swift */,
				95CE25EA1DF9CC9E0084DBBB /* Main.storyboard */,
				95CE25ED1DF9CC9E0084DBBB /* Assets.xcassets */,
				95CE25EF1DF9CC9E0084DBBB /* LaunchScreen.storyboard */,
				95CE25F21DF9CC9E0084DBBB /* Info.plist */,
				95D70D1D1DF9CE0D006E2A1C /* TableViewController.swift */,
			);
			path = TableviewWithSections;
			sourceTree = "<group>";
		};
/* End PBXGroup section */

/* Begin PBXNativeTarget section */
		95CE25E21DF9CC9E0084DBBB /* TableviewWithSections */ = {
			isa = PBXNativeTarget;
			buildConfigurationList = 95CE25F51DF9CC9E0084DBBB /* Build configuration list for PBXNativeTarget "TableviewWithSections" */;
			buildPhases = (
				95CE25DF1DF9CC9E0084DBBB /* Sources */,
				95CE25E01DF9CC9E0084DBBB /* Frameworks */,
				95CE25E11DF9CC9E0084DBBB /* Resources */,
			);
			buildRules = (
			);
			dependencies = (
			);
			name = TableviewWithSections;
			productName = TableviewWithSections;
			productReference = 95CE25E31DF9CC9E0084DBBB /* TableviewWithSections.app */;
			productType = "com.apple.product-type.application";
		};
/* End PBXNativeTarget section */

/* Begin PBXProject section */
		95CE25DB1DF9CC9E0084DBBB /* Project object */ = {
			isa = PBXProject;
			attributes = {
				LastSwiftUpdateCheck = 0810;
				LastUpgradeCheck = 0810;
				ORGANIZATIONNAME = Codefume;
				TargetAttributes = {
					95CE25E21DF9CC9E0084DBBB = {
						CreatedOnToolsVersion = 8.1;
						DevelopmentTeam = PE23CY78CM;
						ProvisioningStyle = Automatic;
					};
				};
			};
			buildConfigurationList = 95CE25DE1DF9CC9E0084DBBB /* Build configuration list for PBXProject "TableviewWithSections" */;
			compatibilityVersion = "Xcode 3.2";
			developmentRegion = English;
			hasScannedForEncodings = 0;
			knownRegions = (
				en,
				Base,
			);
			mainGroup = 95CE25DA1DF9CC9E0084DBBB;
			productRefGroup = 95CE25E41DF9CC9E0084DBBB /* Products */;
			projectDirPath = "";
			projectRoot = "";
			targets = (
				95CE25E21DF9CC9E0084DBBB /* TableviewWithSections */,
			);
		};
/* End PBXProject section */

/* Begin PBXResourcesBuildPhase section */
		95CE25E11DF9CC9E0084DBBB /* Resources */ = {
			isa = PBXResourcesBuildPhase;
			buildActionMask = 2147483647;
			files = (
				95CE25F11DF9CC9E0084DBBB /* LaunchScreen.storyboard in Resources */,
				95CE25EE1DF9CC9E0084DBBB /* Assets.xcassets in Resources */,
				95CE25EC1DF9CC9E0084DBBB /* Main.storyboard in Resources */,
			);
			runOnlyForDeploymentPostprocessing = 0;
		};
/* End PBXResourcesBuildPhase section */

/* Begin PBXSourcesBuildPhase section */
		95CE25DF1DF9CC9E0084DBBB /* Sources */ = {
			isa = PBXSourcesBuildPhase;
			buildActionMask = 2147483647;
			files = (
				95CE25E71DF9CC9E0084DBBB /* AppDelegate.swift in Sources */,
				95D70D1E1DF9CE0D006E2A1C /* TableViewController.swift in Sources */,
			);
			runOnlyForDeploymentPostprocessing = 0;
		};
/* End PBXSourcesBuildPhase section */

/* Begin PBXVariantGroup section */
		95CE25EA1DF9CC9E0084DBBB /* Main.storyboard */ = {
			isa = PBXVariantGroup;
			children = (
				95CE25EB1DF9CC9E0084DBBB /* Base */,
			);
			name = Main.storyboard;
			sourceTree = "<group>";
		};
		95CE25EF1DF9CC9E0084DBBB /* LaunchScreen.storyboard */ = {
			isa = PBXVariantGroup;
			children = (
				95CE25F01DF9CC9E0084DBBB /* Base */,
			);
			name = LaunchScreen.storyboard;
			sourceTree = "<group>";
		};
/* End PBXVariantGroup section */

/* Begin XCBuildConfiguration section */
		95CE25F31DF9CC9E0084DBBB /* Debug */ = {
			isa = XCBuildConfiguration;
			buildSettings = {
				ALWAYS_SEARCH_USER_PATHS = NO;
				CLANG_ANALYZER_NONNULL = YES;
				CLANG_CXX_LANGUAGE_STANDARD = "gnu++0x";
				CLANG_CXX_LIBRARY = "libc++";
				CLANG_ENABLE_MODULES = YES;
				CLANG_ENABLE_OBJC_ARC = YES;
				CLANG_WARN_BOOL_CONVERSION = YES;
				CLANG_WARN_CONSTANT_CONVERSION = YES;
				CLANG_WARN_DIRECT_OBJC_ISA_USAGE = YES_ERROR;
				CLANG_WARN_DOCUMENTATION_COMMENTS = YES;
				CLANG_WARN_EMPTY_BODY = YES;
				CLANG_WARN_ENUM_CONVERSION = YES;
				CLANG_WARN_INFINITE_RECURSION = YES;
				CLANG_WARN_INT_CONVERSION = YES;
				CLANG_WARN_OBJC_ROOT_CLASS = YES_ERROR;
				CLANG_WARN_SUSPICIOUS_MOVES = YES;
				CLANG_WARN_UNREACHABLE_CODE = YES;
				CLANG_WARN__DUPLICATE_METHOD_MATCH = YES;
				"CODE_SIGN_IDENTITY[sdk=iphoneos*]" = "iPhone Developer";
				COPY_PHASE_STRIP = NO;
				DEBUG_INFORMATION_FORMAT = dwarf;
				ENABLE_STRICT_OBJC_MSGSEND = YES;
				ENABLE_TESTABILITY = YES;
				GCC_C_LANGUAGE_STANDARD = gnu99;
				GCC_DYNAMIC_NO_PIC = NO;
				GCC_NO_COMMON_BLOCKS = YES;
				GCC_OPTIMIZATION_LEVEL = 0;
				GCC_PREPROCESSOR_DEFINITIONS = (
					"DEBUG=1",
					"$(inherited)",
				);
				GCC_WARN_64_TO_32_BIT_CONVERSION = YES;
				GCC_WARN_ABOUT_RETURN_TYPE = YES_ERROR;
				GCC_WARN_UNDECLARED_SELECTOR = YES;
				GCC_WARN_UNINITIALIZED_AUTOS = YES_AGGRESSIVE;
				GCC_WARN_UNUSED_FUNCTION = YES;
				GCC_WARN_UNUSED_VARIABLE = YES;
				IPHONEOS_DEPLOYMENT_TARGET = 10.1;
				MTL_ENABLE_DEBUG_INFO = YES;
				ONLY_ACTIVE_ARCH = YES;
				SDKROOT = iphoneos;
				SWIFT_ACTIVE_COMPILATION_CONDITIONS = DEBUG;
				SWIFT_OPTIMIZATION_LEVEL = "-Onone";
				TARGETED_DEVICE_FAMILY = "1,2";
			};
			name = Debug;
		};
		95CE25F41DF9CC9E0084DBBB /* Release */ = {
			isa = XCBuildConfiguration;
			buildSettings = {
				ALWAYS_SEARCH_USER_PATHS = NO;
				CLANG_ANALYZER_NONNULL = YES;
				CLANG_CXX_LANGUAGE_STANDARD = "gnu++0x";
				CLANG_CXX_LIBRARY = "libc++";
				CLANG_ENABLE_MODULES = YES;
				CLANG_ENABLE_OBJC_ARC = YES;
				CLANG_WARN_BOOL_CONVERSION = YES;
				CLANG_WARN_CONSTANT_CONVERSION = YES;
				CLANG_WARN_DIRECT_OBJC_ISA_USAGE = YES_ERROR;
				CLANG_WARN_DOCUMENTATION_COMMENTS = YES;
				CLANG_WARN_EMPTY_BODY = YES;
				CLANG_WARN_ENUM_CONVERSION = YES;
				CLANG_WARN_INFINITE_RECURSION = YES;
				CLANG_WARN_INT_CONVERSION = YES;
				CLANG_WARN_OBJC_ROOT_CLASS = YES_ERROR;
				CLANG_WARN_SUSPICIOUS_MOVES = YES;
				CLANG_WARN_UNREACHABLE_CODE = YES;
				CLANG_WARN__DUPLICATE_METHOD_MATCH = YES;
				"CODE_SIGN_IDENTITY[sdk=iphoneos*]" = "iPhone Developer";
				COPY_PHASE_STRIP = NO;
				DEBUG_INFORMATION_FORMAT = "dwarf-with-dsym";
				ENABLE_NS_ASSERTIONS = NO;
				ENABLE_STRICT_OBJC_MSGSEND = YES;
				GCC_C_LANGUAGE_STANDARD = gnu99;
				GCC_NO_COMMON_BLOCKS = YES;
				GCC_WARN_64_TO_32_BIT_CONVERSION = YES;
				GCC_WARN_ABOUT_RETURN_TYPE = YES_ERROR;
				GCC_WARN_UNDECLARED_SELECTOR = YES;
				GCC_WARN_UNINITIALIZED_AUTOS = YES_AGGRESSIVE;
				GCC_WARN_UNUSED_FUNCTION = YES;
				GCC_WARN_UNUSED_VARIABLE = YES;
				IPHONEOS_DEPLOYMENT_TARGET = 10.1;
				MTL_ENABLE_DEBUG_INFO = NO;
				SDKROOT = iphoneos;
				SWIFT_OPTIMIZATION_LEVEL = "-Owholemodule";
				TARGETED_DEVICE_FAMILY = "1,2";
				VALIDATE_PRODUCT = YES;
			};
			name = Release;
		};
		95CE25F61DF9CC9E0084DBBB /* Debug */ = {
			isa = XCBuildConfiguration;
			buildSettings = {
				ASSETCATALOG_COMPILER_APPICON_NAME = AppIcon;
				DEVELOPMENT_TEAM = PE23CY78CM;
				INFOPLIST_FILE = TableviewWithSections/Info.plist;
				LD_RUNPATH_SEARCH_PATHS = "$(inherited) @executable_path/Frameworks";
				PRODUCT_BUNDLE_IDENTIFIER = com.codefume.TableviewWithSections;
				PRODUCT_NAME = "$(TARGET_NAME)";
				SWIFT_VERSION = 3.0;
			};
			name = Debug;
		};
		95CE25F71DF9CC9E0084DBBB /* Release */ = {
			isa = XCBuildConfiguration;
			buildSettings = {
				ASSETCATALOG_COMPILER_APPICON_NAME = AppIcon;
				DEVELOPMENT_TEAM = PE23CY78CM;
				INFOPLIST_FILE = TableviewWithSections/Info.plist;
				LD_RUNPATH_SEARCH_PATHS = "$(inherited) @executable_path/Frameworks";
				PRODUCT_BUNDLE_IDENTIFIER = com.codefume.TableviewWithSections;
				PRODUCT_NAME = "$(TARGET_NAME)";
				SWIFT_VERSION = 3.0;
			};
			name = Release;
		};
/* End XCBuildConfiguration section */

/* Begin XCConfigurationList section */
		95CE25DE1DF9CC9E0084DBBB /* Build configuration list for PBXProject "TableviewWithSections" */ = {
			isa = XCConfigurationList;
			buildConfigurations = (
				95CE25F31DF9CC9E0084DBBB /* Debug */,
				95CE25F41DF9CC9E0084DBBB /* Release */,
			);
			defaultConfigurationIsVisible = 0;
			defaultConfigurationName = Release;
		};
		95CE25F51DF9CC9E0084DBBB /* Build configuration list for PBXNativeTarget "TableviewWithSections" */ = {
			isa = XCConfigurationList;
			buildConfigurations = (
				95CE25F61DF9CC9E0084DBBB /* Debug */,
				95CE25F71DF9CC9E0084DBBB /* Release */,
			);
			defaultConfigurationIsVisible = 0;
			defaultConfigurationName = Release;
		};
/* End XCConfigurationList section */
	};
	rootObject = 95CE25DB1DF9CC9E0084DBBB /* Project object */;
}
